
Microsoft Visual Studio Solution File, Format Version 12.00
# Visual Studio Version 17
VisualStudioVersion = 17.0.32112.339
MinimumVisualStudioVersion = 10.0.40219.1
Project("{2150E333-8FDC-42A3-9474-1A3956D46DE8}") = "Solution Items", "Solution Items", "{719C113A-6804-4150-8473-BF889F06DFD6}"
	ProjectSection(SolutionItems) = preProject
		.editorconfig = .editorconfig
		global.json = global.json
		NuGet.config = NuGet.config
		.github\workflows\publish-beta.yml = .github\workflows\publish-beta.yml
		.github\workflows\publish.yml = .github\workflows\publish.yml
		Readme.MD = Readme.MD
	EndProjectSection
EndProject
Project("{2150E333-8FDC-42A3-9474-1A3956D46DE8}") = "src", "src", "{827E0CD3-B72D-47B6-A68D-7590B98EB39B}"
EndProject
Project("{2150E333-8FDC-42A3-9474-1A3956D46DE8}") = "samples", "samples", "{5D20AA90-6969-D8BD-9DCD-8634F4692FDA}"
EndProject
Project("{2150E333-8FDC-42A3-9474-1A3956D46DE8}") = "test", "test", "{0C88DD14-F956-CE84-757C-A364CCF449FC}"
EndProject
Project("{2150E333-8FDC-42A3-9474-1A3956D46DE8}") = "third-party", "third-party", "{C53924FE-98D2-80FD-04F3-50636C3DA32C}"
EndProject
Project("{2150E333-8FDC-42A3-9474-1A3956D46DE8}") = "filesystems", "filesystems", "{D255DBF0-E94E-938A-8AF0-4829C18066D1}"
EndProject
Project("{2150E333-8FDC-42A3-9474-1A3956D46DE8}") = "membership-providers", "membership-providers", "{745C1EE9-2CDC-2EC2-6021-CA25E2B0886E}"
EndProject
Project("{FAE04EC0-301F-11D3-BF4B-00C04F79EFBC}") = "Pek.FtpServer", "src\Pek.FtpServer\Pek.FtpServer.csproj", "{B56D192B-CB33-DAF7-6B84-629FA0538C71}"
EndProject
Global
	GlobalSection(SolutionConfigurationPlatforms) = preSolution
		Debug|Any CPU = Debug|Any CPU
		Release|Any CPU = Release|Any CPU
	EndGlobalSection
	GlobalSection(ProjectConfigurationPlatforms) = postSolution
		{B56D192B-CB33-DAF7-6B84-629FA0538C71}.Debug|Any CPU.ActiveCfg = Debug|Any CPU
		{B56D192B-CB33-DAF7-6B84-629FA0538C71}.Debug|Any CPU.Build.0 = Debug|Any CPU
		{B56D192B-CB33-DAF7-6B84-629FA0538C71}.Release|Any CPU.ActiveCfg = Release|Any CPU
		{B56D192B-CB33-DAF7-6B84-629FA0538C71}.Release|Any CPU.Build.0 = Release|Any CPU
	EndGlobalSection
	GlobalSection(SolutionProperties) = preSolution
		HideSolutionNode = FALSE
	EndGlobalSection
	GlobalSection(NestedProjects) = preSolution
		{D255DBF0-E94E-938A-8AF0-4829C18066D1} = {827E0CD3-B72D-47B6-A68D-7590B98EB39B}
		{745C1EE9-2CDC-2EC2-6021-CA25E2B0886E} = {827E0CD3-B72D-47B6-A68D-7590B98EB39B}
		{B56D192B-CB33-DAF7-6B84-629FA0538C71} = {827E0CD3-B72D-47B6-A68D-7590B98EB39B}
	EndGlobalSection
	GlobalSection(ExtensibilityGlobals) = postSolution
		SolutionGuid = {323831A1-A95B-40AB-B9AD-36A0BC10C2CB}
	EndGlobalSection
EndGlobal
